
Microsoft Visual Studio Solution File, Format Version 12.00
# Visual Studio Version 17
VisualStudioVersion = 17.9.34622.214
MinimumVisualStudioVersion = 10.0.40219.1
Project("{9A19103F-16F7-4668-BE54-9A1E7A4F7556}") = "TrackingSheet", "TrackingSheet\TrackingSheet.csproj", "{502B0A35-C27F-40D9-9924-24D4C826CF2A}"
EndProject
Project("{2150E333-8FDC-42A3-9474-1A3956D46DE8}") = "Solution Items", "Solution Items", "{28031D7B-0EFE-4CA4-9F7D-F5C208D111C4}"
	ProjectSection(SolutionItems) = preProject
		.editorconfig = .editorconfig
	EndProjectSection
EndProject
Global
	GlobalSection(SolutionConfigurationPlatforms) = preSolution
		Debug|Any CPU = Debug|Any CPU
		Release|Any CPU = Release|Any CPU
	EndGlobalSection
	GlobalSection(ProjectConfigurationPlatforms) = postSolution
		{502B0A35-C27F-40D9-9924-24D4C826CF2A}.Debug|Any CPU.ActiveCfg = Debug|Any CPU
		{502B0A35-C27F-40D9-9924-24D4C826CF2A}.Debug|Any CPU.Build.0 = Debug|Any CPU
		{502B0A35-C27F-40D9-9924-24D4C826CF2A}.Release|Any CPU.ActiveCfg = Release|Any CPU
		{502B0A35-C27F-40D9-9924-24D4C826CF2A}.Release|Any CPU.Build.0 = Release|Any CPU
	EndGlobalSection
	GlobalSection(SolutionProperties) = preSolution
		HideSolutionNode = FALSE
	EndGlobalSection
	GlobalSection(ExtensibilityGlobals) = postSolution
		SolutionGuid = {78C2E4B0-5529-446D-A65F-98589B2F5110}
	EndGlobalSection
EndGlobal
